<?xml version="1.0" encoding="utf-8"?>
<Project ToolsVersion="17.0" xmlns="http://schemas.microsoft.com/developer/msbuild/2003">
  <ItemGroup>
    <ClCompile Include="C:\Users\Karel Hevessy\src\vanetza-build\vanetza\asn1\support\ANY.c">
      <Filter>Source Files</Filter>
    </ClCompile>
    <ClCompile Include="C:\Users\Karel Hevessy\src\vanetza-build\vanetza\asn1\support\ANY_aper.c">
      <Filter>Source Files</Filter>
    </ClCompile>
    <ClCompile Include="C:\Users\Karel Hevessy\src\vanetza-build\vanetza\asn1\support\ANY_ber.c">
      <Filter>Source Files</Filter>
    </ClCompile>
    <ClCompile Include="C:\Users\Karel Hevessy\src\vanetza-build\vanetza\asn1\support\ANY_jer.c">
      <Filter>Source Files</Filter>
    </ClCompile>
    <ClCompile Include="C:\Users\Karel Hevessy\src\vanetza-build\vanetza\asn1\support\ANY_uper.c">
      <Filter>Source Files</Filter>
    </ClCompile>
    <ClCompile Include="C:\Users\Karel Hevessy\src\vanetza-build\vanetza\asn1\support\ANY_xer.c">
      <Filter>Source Files</Filter>
    </ClCompile>
    <ClCompile Include="C:\Users\Karel Hevessy\src\vanetza-build\vanetza\asn1\support\BIT_STRING.c">
      <Filter>Source Files</Filter>
    </ClCompile>
    <ClCompile Include="C:\Users\Karel Hevessy\src\vanetza-build\vanetza\asn1\support\BIT_STRING_jer.c">
      <Filter>Source Files</Filter>
    </ClCompile>
    <ClCompile Include="C:\Users\Karel Hevessy\src\vanetza-build\vanetza\asn1\support\BIT_STRING_oer.c">
      <Filter>Source Files</Filter>
    </ClCompile>
    <ClCompile Include="C:\Users\Karel Hevessy\src\vanetza-build\vanetza\asn1\support\BIT_STRING_print.c">
      <Filter>Source Files</Filter>
    </ClCompile>
    <ClCompile Include="C:\Users\Karel Hevessy\src\vanetza-build\vanetza\asn1\support\BIT_STRING_rfill.c">
      <Filter>Source Files</Filter>
    </ClCompile>
    <ClCompile Include="C:\Users\Karel Hevessy\src\vanetza-build\vanetza\asn1\support\BIT_STRING_uper.c">
      <Filter>Source Files</Filter>
    </ClCompile>
    <ClCompile Include="C:\Users\Karel Hevessy\src\vanetza-build\vanetza\asn1\support\BIT_STRING_xer.c">
      <Filter>Source Files</Filter>
    </ClCompile>
    <ClCompile Include="C:\Users\Karel Hevessy\src\vanetza-build\vanetza\asn1\support\BMPString.c">
      <Filter>Source Files</Filter>
    </ClCompile>
    <ClCompile Include="C:\Users\Karel Hevessy\src\vanetza-build\vanetza\asn1\support\BMPString_jer.c">
      <Filter>Source Files</Filter>
    </ClCompile>
    <ClCompile Include="C:\Users\Karel Hevessy\src\vanetza-build\vanetza\asn1\support\BMPString_print.c">
      <Filter>Source Files</Filter>
    </ClCompile>
    <ClCompile Include="C:\Users\Karel Hevessy\src\vanetza-build\vanetza\asn1\support\BMPString_xer.c">
      <Filter>Source Files</Filter>
    </ClCompile>
    <ClCompile Include="C:\Users\Karel Hevessy\src\vanetza-build\vanetza\asn1\support\BOOLEAN.c">
      <Filter>Source Files</Filter>
    </ClCompile>
    <ClCompile Include="C:\Users\Karel Hevessy\src\vanetza-build\vanetza\asn1\support\BOOLEAN_aper.c">
      <Filter>Source Files</Filter>
    </ClCompile>
    <ClCompile Include="C:\Users\Karel Hevessy\src\vanetza-build\vanetza\asn1\support\BOOLEAN_ber.c">
      <Filter>Source Files</Filter>
    </ClCompile>
    <ClCompile Include="C:\Users\Karel Hevessy\src\vanetza-build\vanetza\asn1\support\BOOLEAN_jer.c">
      <Filter>Source Files</Filter>
    </ClCompile>
    <ClCompile Include="C:\Users\Karel Hevessy\src\vanetza-build\vanetza\asn1\support\BOOLEAN_oer.c">
      <Filter>Source Files</Filter>
    </ClCompile>
    <ClCompile Include="C:\Users\Karel Hevessy\src\vanetza-build\vanetza\asn1\support\BOOLEAN_print.c">
      <Filter>Source Files</Filter>
    </ClCompile>
    <ClCompile Include="C:\Users\Karel Hevessy\src\vanetza-build\vanetza\asn1\support\BOOLEAN_rfill.c">
      <Filter>Source Files</Filter>
    </ClCompile>
    <ClCompile Include="C:\Users\Karel Hevessy\src\vanetza-build\vanetza\asn1\support\BOOLEAN_uper.c">
      <Filter>Source Files</Filter>
    </ClCompile>
    <ClCompile Include="C:\Users\Karel Hevessy\src\vanetza-build\vanetza\asn1\support\BOOLEAN_xer.c">
      <Filter>Source Files</Filter>
    </ClCompile>
    <ClCompile Include="C:\Users\Karel Hevessy\src\vanetza-build\vanetza\asn1\support\ENUMERATED.c">
      <Filter>Source Files</Filter>
    </ClCompile>
    <ClCompile Include="C:\Users\Karel Hevessy\src\vanetza-build\vanetza\asn1\support\ENUMERATED_aper.c">
      <Filter>Source Files</Filter>
    </ClCompile>
    <ClCompile Include="C:\Users\Karel Hevessy\src\vanetza-build\vanetza\asn1\support\ENUMERATED_jer.c">
      <Filter>Source Files</Filter>
    </ClCompile>
    <ClCompile Include="C:\Users\Karel Hevessy\src\vanetza-build\vanetza\asn1\support\ENUMERATED_oer.c">
      <Filter>Source Files</Filter>
    </ClCompile>
    <ClCompile Include="C:\Users\Karel Hevessy\src\vanetza-build\vanetza\asn1\support\ENUMERATED_uper.c">
      <Filter>Source Files</Filter>
    </ClCompile>
    <ClCompile Include="C:\Users\Karel Hevessy\src\vanetza-build\vanetza\asn1\support\GeneralString.c">
      <Filter>Source Files</Filter>
    </ClCompile>
    <ClCompile Include="C:\Users\Karel Hevessy\src\vanetza-build\vanetza\asn1\support\GeneralizedTime.c">
      <Filter>Source Files</Filter>
    </ClCompile>
    <ClCompile Include="C:\Users\Karel Hevessy\src\vanetza-build\vanetza\asn1\support\GeneralizedTime_ber.c">
      <Filter>Source Files</Filter>
    </ClCompile>
    <ClCompile Include="C:\Users\Karel Hevessy\src\vanetza-build\vanetza\asn1\support\GeneralizedTime_jer.c">
      <Filter>Source Files</Filter>
    </ClCompile>
    <ClCompile Include="C:\Users\Karel Hevessy\src\vanetza-build\vanetza\asn1\support\GeneralizedTime_print.c">
      <Filter>Source Files</Filter>
    </ClCompile>
    <ClCompile Include="C:\Users\Karel Hevessy\src\vanetza-build\vanetza\asn1\support\GeneralizedTime_rfill.c">
      <Filter>Source Files</Filter>
    </ClCompile>
    <ClCompile Include="C:\Users\Karel Hevessy\src\vanetza-build\vanetza\asn1\support\GeneralizedTime_xer.c">
      <Filter>Source Files</Filter>
    </ClCompile>
    <ClCompile Include="C:\Users\Karel Hevessy\src\vanetza-build\vanetza\asn1\support\GraphicString.c">
      <Filter>Source Files</Filter>
    </ClCompile>
    <ClCompile Include="C:\Users\Karel Hevessy\src\vanetza-build\vanetza\asn1\support\IA5String.c">
      <Filter>Source Files</Filter>
    </ClCompile>
    <ClCompile Include="C:\Users\Karel Hevessy\src\vanetza-build\vanetza\asn1\support\INTEGER.c">
      <Filter>Source Files</Filter>
    </ClCompile>
    <ClCompile Include="C:\Users\Karel Hevessy\src\vanetza-build\vanetza\asn1\support\INTEGER_aper.c">
      <Filter>Source Files</Filter>
    </ClCompile>
    <ClCompile Include="C:\Users\Karel Hevessy\src\vanetza-build\vanetza\asn1\support\INTEGER_ber.c">
      <Filter>Source Files</Filter>
    </ClCompile>
    <ClCompile Include="C:\Users\Karel Hevessy\src\vanetza-build\vanetza\asn1\support\INTEGER_jer.c">
      <Filter>Source Files</Filter>
    </ClCompile>
    <ClCompile Include="C:\Users\Karel Hevessy\src\vanetza-build\vanetza\asn1\support\INTEGER_oer.c">
      <Filter>Source Files</Filter>
    </ClCompile>
    <ClCompile Include="C:\Users\Karel Hevessy\src\vanetza-build\vanetza\asn1\support\INTEGER_print.c">
      <Filter>Source Files</Filter>
    </ClCompile>
    <ClCompile Include="C:\Users\Karel Hevessy\src\vanetza-build\vanetza\asn1\support\INTEGER_rfill.c">
      <Filter>Source Files</Filter>
    </ClCompile>
    <ClCompile Include="C:\Users\Karel Hevessy\src\vanetza-build\vanetza\asn1\support\INTEGER_uper.c">
      <Filter>Source Files</Filter>
    </ClCompile>
    <ClCompile Include="C:\Users\Karel Hevessy\src\vanetza-build\vanetza\asn1\support\INTEGER_xer.c">
      <Filter>Source Files</Filter>
    </ClCompile>
    <ClCompile Include="C:\Users\Karel Hevessy\src\vanetza-build\vanetza\asn1\support\ISO646String.c">
      <Filter>Source Files</Filter>
    </ClCompile>
    <ClCompile Include="C:\Users\Karel Hevessy\src\vanetza-build\vanetza\asn1\support\NULL.c">
      <Filter>Source Files</Filter>
    </ClCompile>
    <ClCompile Include="C:\Users\Karel Hevessy\src\vanetza-build\vanetza\asn1\support\NULL_aper.c">
      <Filter>Source Files</Filter>
    </ClCompile>
    <ClCompile Include="C:\Users\Karel Hevessy\src\vanetza-build\vanetza\asn1\support\NULL_ber.c">
      <Filter>Source Files</Filter>
    </ClCompile>
    <ClCompile Include="C:\Users\Karel Hevessy\src\vanetza-build\vanetza\asn1\support\NULL_jer.c">
      <Filter>Source Files</Filter>
    </ClCompile>
    <ClCompile Include="C:\Users\Karel Hevessy\src\vanetza-build\vanetza\asn1\support\NULL_oer.c">
      <Filter>Source Files</Filter>
    </ClCompile>
    <ClCompile Include="C:\Users\Karel Hevessy\src\vanetza-build\vanetza\asn1\support\NULL_print.c">
      <Filter>Source Files</Filter>
    </ClCompile>
    <ClCompile Include="C:\Users\Karel Hevessy\src\vanetza-build\vanetza\asn1\support\NULL_rfill.c">
      <Filter>Source Files</Filter>
    </ClCompile>
    <ClCompile Include="C:\Users\Karel Hevessy\src\vanetza-build\vanetza\asn1\support\NULL_uper.c">
      <Filter>Source Files</Filter>
    </ClCompile>
    <ClCompile Include="C:\Users\Karel Hevessy\src\vanetza-build\vanetza\asn1\support\NULL_xer.c">
      <Filter>Source Files</Filter>
    </ClCompile>
    <ClCompile Include="C:\Users\Karel Hevessy\src\vanetza-build\vanetza\asn1\support\NativeEnumerated.c">
      <Filter>Source Files</Filter>
    </ClCompile>
    <ClCompile Include="C:\Users\Karel Hevessy\src\vanetza-build\vanetza\asn1\support\NativeEnumerated_aper.c">
      <Filter>Source Files</Filter>
    </ClCompile>
    <ClCompile Include="C:\Users\Karel Hevessy\src\vanetza-build\vanetza\asn1\support\NativeEnumerated_jer.c">
      <Filter>Source Files</Filter>
    </ClCompile>
    <ClCompile Include="C:\Users\Karel Hevessy\src\vanetza-build\vanetza\asn1\support\NativeEnumerated_oer.c">
      <Filter>Source Files</Filter>
    </ClCompile>
    <ClCompile Include="C:\Users\Karel Hevessy\src\vanetza-build\vanetza\asn1\support\NativeEnumerated_uper.c">
      <Filter>Source Files</Filter>
    </ClCompile>
    <ClCompile Include="C:\Users\Karel Hevessy\src\vanetza-build\vanetza\asn1\support\NativeEnumerated_xer.c">
      <Filter>Source Files</Filter>
    </ClCompile>
    <ClCompile Include="C:\Users\Karel Hevessy\src\vanetza-build\vanetza\asn1\support\NativeInteger.c">
      <Filter>Source Files</Filter>
    </ClCompile>
    <ClCompile Include="C:\Users\Karel Hevessy\src\vanetza-build\vanetza\asn1\support\NativeInteger_aper.c">
      <Filter>Source Files</Filter>
    </ClCompile>
    <ClCompile Include="C:\Users\Karel Hevessy\src\vanetza-build\vanetza\asn1\support\NativeInteger_ber.c">
      <Filter>Source Files</Filter>
    </ClCompile>
    <ClCompile Include="C:\Users\Karel Hevessy\src\vanetza-build\vanetza\asn1\support\NativeInteger_jer.c">
      <Filter>Source Files</Filter>
    </ClCompile>
    <ClCompile Include="C:\Users\Karel Hevessy\src\vanetza-build\vanetza\asn1\support\NativeInteger_oer.c">
      <Filter>Source Files</Filter>
    </ClCompile>
    <ClCompile Include="C:\Users\Karel Hevessy\src\vanetza-build\vanetza\asn1\support\NativeInteger_print.c">
      <Filter>Source Files</Filter>
    </ClCompile>
    <ClCompile Include="C:\Users\Karel Hevessy\src\vanetza-build\vanetza\asn1\support\NativeInteger_rfill.c">
      <Filter>Source Files</Filter>
    </ClCompile>
    <ClCompile Include="C:\Users\Karel Hevessy\src\vanetza-build\vanetza\asn1\support\NativeInteger_uper.c">
      <Filter>Source Files</Filter>
    </ClCompile>
    <ClCompile Include="C:\Users\Karel Hevessy\src\vanetza-build\vanetza\asn1\support\NativeInteger_xer.c">
      <Filter>Source Files</Filter>
    </ClCompile>
    <ClCompile Include="C:\Users\Karel Hevessy\src\vanetza-build\vanetza\asn1\support\NativeReal.c">
      <Filter>Source Files</Filter>
    </ClCompile>
    <ClCompile Include="C:\Users\Karel Hevessy\src\vanetza-build\vanetza\asn1\support\NativeReal_aper.c">
      <Filter>Source Files</Filter>
    </ClCompile>
    <ClCompile Include="C:\Users\Karel Hevessy\src\vanetza-build\vanetza\asn1\support\NativeReal_ber.c">
      <Filter>Source Files</Filter>
    </ClCompile>
    <ClCompile Include="C:\Users\Karel Hevessy\src\vanetza-build\vanetza\asn1\support\NativeReal_jer.c">
      <Filter>Source Files</Filter>
    </ClCompile>
    <ClCompile Include="C:\Users\Karel Hevessy\src\vanetza-build\vanetza\asn1\support\NativeReal_oer.c">
      <Filter>Source Files</Filter>
    </ClCompile>
    <ClCompile Include="C:\Users\Karel Hevessy\src\vanetza-build\vanetza\asn1\support\NativeReal_print.c">
      <Filter>Source Files</Filter>
    </ClCompile>
    <ClCompile Include="C:\Users\Karel Hevessy\src\vanetza-build\vanetza\asn1\support\NativeReal_rfill.c">
      <Filter>Source Files</Filter>
    </ClCompile>
    <ClCompile Include="C:\Users\Karel Hevessy\src\vanetza-build\vanetza\asn1\support\NativeReal_uper.c">
      <Filter>Source Files</Filter>
    </ClCompile>
    <ClCompile Include="C:\Users\Karel Hevessy\src\vanetza-build\vanetza\asn1\support\NativeReal_xer.c">
      <Filter>Source Files</Filter>
    </ClCompile>
    <ClCompile Include="C:\Users\Karel Hevessy\src\vanetza-build\vanetza\asn1\support\NumericString.c">
      <Filter>Source Files</Filter>
    </ClCompile>
    <ClCompile Include="C:\Users\Karel Hevessy\src\vanetza-build\vanetza\asn1\support\OBJECT_IDENTIFIER.c">
      <Filter>Source Files</Filter>
    </ClCompile>
    <ClCompile Include="C:\Users\Karel Hevessy\src\vanetza-build\vanetza\asn1\support\OBJECT_IDENTIFIER_jer.c">
      <Filter>Source Files</Filter>
    </ClCompile>
    <ClCompile Include="C:\Users\Karel Hevessy\src\vanetza-build\vanetza\asn1\support\OBJECT_IDENTIFIER_print.c">
      <Filter>Source Files</Filter>
    </ClCompile>
    <ClCompile Include="C:\Users\Karel Hevessy\src\vanetza-build\vanetza\asn1\support\OBJECT_IDENTIFIER_rfill.c">
      <Filter>Source Files</Filter>
    </ClCompile>
    <ClCompile Include="C:\Users\Karel Hevessy\src\vanetza-build\vanetza\asn1\support\OBJECT_IDENTIFIER_xer.c">
      <Filter>Source Files</Filter>
    </ClCompile>
    <ClCompile Include="C:\Users\Karel Hevessy\src\vanetza-build\vanetza\asn1\support\OCTET_STRING.c">
      <Filter>Source Files</Filter>
    </ClCompile>
    <ClCompile Include="C:\Users\Karel Hevessy\src\vanetza-build\vanetza\asn1\support\OCTET_STRING_aper.c">
      <Filter>Source Files</Filter>
    </ClCompile>
    <ClCompile Include="C:\Users\Karel Hevessy\src\vanetza-build\vanetza\asn1\support\OCTET_STRING_ber.c">
      <Filter>Source Files</Filter>
    </ClCompile>
    <ClCompile Include="C:\Users\Karel Hevessy\src\vanetza-build\vanetza\asn1\support\OCTET_STRING_jer.c">
      <Filter>Source Files</Filter>
    </ClCompile>
    <ClCompile Include="C:\Users\Karel Hevessy\src\vanetza-build\vanetza\asn1\support\OCTET_STRING_oer.c">
      <Filter>Source Files</Filter>
    </ClCompile>
    <ClCompile Include="C:\Users\Karel Hevessy\src\vanetza-build\vanetza\asn1\support\OCTET_STRING_print.c">
      <Filter>Source Files</Filter>
    </ClCompile>
    <ClCompile Include="C:\Users\Karel Hevessy\src\vanetza-build\vanetza\asn1\support\OCTET_STRING_rfill.c">
      <Filter>Source Files</Filter>
    </ClCompile>
    <ClCompile Include="C:\Users\Karel Hevessy\src\vanetza-build\vanetza\asn1\support\OCTET_STRING_uper.c">
      <Filter>Source Files</Filter>
    </ClCompile>
    <ClCompile Include="C:\Users\Karel Hevessy\src\vanetza-build\vanetza\asn1\support\OCTET_STRING_xer.c">
      <Filter>Source Files</Filter>
    </ClCompile>
    <ClCompile Include="C:\Users\Karel Hevessy\src\vanetza-build\vanetza\asn1\support\OPEN_TYPE.c">
      <Filter>Source Files</Filter>
    </ClCompile>
    <ClCompile Include="C:\Users\Karel Hevessy\src\vanetza-build\vanetza\asn1\support\OPEN_TYPE_aper.c">
      <Filter>Source Files</Filter>
    </ClCompile>
    <ClCompile Include="C:\Users\Karel Hevessy\src\vanetza-build\vanetza\asn1\support\OPEN_TYPE_ber.c">
      <Filter>Source Files</Filter>
    </ClCompile>
    <ClCompile Include="C:\Users\Karel Hevessy\src\vanetza-build\vanetza\asn1\support\OPEN_TYPE_jer.c">
      <Filter>Source Files</Filter>
    </ClCompile>
    <ClCompile Include="C:\Users\Karel Hevessy\src\vanetza-build\vanetza\asn1\support\OPEN_TYPE_oer.c">
      <Filter>Source Files</Filter>
    </ClCompile>
    <ClCompile Include="C:\Users\Karel Hevessy\src\vanetza-build\vanetza\asn1\support\OPEN_TYPE_uper.c">
      <Filter>Source Files</Filter>
    </ClCompile>
    <ClCompile Include="C:\Users\Karel Hevessy\src\vanetza-build\vanetza\asn1\support\OPEN_TYPE_xer.c">
      <Filter>Source Files</Filter>
    </ClCompile>
    <ClCompile Include="C:\Users\Karel Hevessy\src\vanetza-build\vanetza\asn1\support\ObjectDescriptor.c">
      <Filter>Source Files</Filter>
    </ClCompile>
    <ClCompile Include="C:\Users\Karel Hevessy\src\vanetza-build\vanetza\asn1\support\PrintableString.c">
      <Filter>Source Files</Filter>
    </ClCompile>
    <ClCompile Include="C:\Users\Karel Hevessy\src\vanetza-build\vanetza\asn1\support\REAL.c">
      <Filter>Source Files</Filter>
    </ClCompile>
    <ClCompile Include="C:\Users\Karel Hevessy\src\vanetza-build\vanetza\asn1\support\REAL_aper.c">
      <Filter>Source Files</Filter>
    </ClCompile>
    <ClCompile Include="C:\Users\Karel Hevessy\src\vanetza-build\vanetza\asn1\support\REAL_jer.c">
      <Filter>Source Files</Filter>
    </ClCompile>
    <ClCompile Include="C:\Users\Karel Hevessy\src\vanetza-build\vanetza\asn1\support\REAL_oer.c">
      <Filter>Source Files</Filter>
    </ClCompile>
    <ClCompile Include="C:\Users\Karel Hevessy\src\vanetza-build\vanetza\asn1\support\REAL_print.c">
      <Filter>Source Files</Filter>
    </ClCompile>
    <ClCompile Include="C:\Users\Karel Hevessy\src\vanetza-build\vanetza\asn1\support\REAL_rfill.c">
      <Filter>Source Files</Filter>
    </ClCompile>
    <ClCompile Include="C:\Users\Karel Hevessy\src\vanetza-build\vanetza\asn1\support\REAL_uper.c">
      <Filter>Source Files</Filter>
    </ClCompile>
    <ClCompile Include="C:\Users\Karel Hevessy\src\vanetza-build\vanetza\asn1\support\REAL_xer.c">
      <Filter>Source Files</Filter>
    </ClCompile>
    <ClCompile Include="C:\Users\Karel Hevessy\src\vanetza-build\vanetza\asn1\support\RELATIVE-OID.c">
      <Filter>Source Files</Filter>
    </ClCompile>
    <ClCompile Include="C:\Users\Karel Hevessy\src\vanetza-build\vanetza\asn1\support\RELATIVE-OID_jer.c">
      <Filter>Source Files</Filter>
    </ClCompile>
    <ClCompile Include="C:\Users\Karel Hevessy\src\vanetza-build\vanetza\asn1\support\RELATIVE-OID_print.c">
      <Filter>Source Files</Filter>
    </ClCompile>
    <ClCompile Include="C:\Users\Karel Hevessy\src\vanetza-build\vanetza\asn1\support\RELATIVE-OID_rfill.c">
      <Filter>Source Files</Filter>
    </ClCompile>
    <ClCompile Include="C:\Users\Karel Hevessy\src\vanetza-build\vanetza\asn1\support\RELATIVE-OID_xer.c">
      <Filter>Source Files</Filter>
    </ClCompile>
    <ClCompile Include="C:\Users\Karel Hevessy\src\vanetza-build\vanetza\asn1\support\T61String.c">
      <Filter>Source Files</Filter>
    </ClCompile>
    <ClCompile Include="C:\Users\Karel Hevessy\src\vanetza-build\vanetza\asn1\support\TeletexString.c">
      <Filter>Source Files</Filter>
    </ClCompile>
    <ClCompile Include="C:\Users\Karel Hevessy\src\vanetza-build\vanetza\asn1\support\UTCTime.c">
      <Filter>Source Files</Filter>
    </ClCompile>
    <ClCompile Include="C:\Users\Karel Hevessy\src\vanetza-build\vanetza\asn1\support\UTCTime_jer.c">
      <Filter>Source Files</Filter>
    </ClCompile>
    <ClCompile Include="C:\Users\Karel Hevessy\src\vanetza-build\vanetza\asn1\support\UTCTime_print.c">
      <Filter>Source Files</Filter>
    </ClCompile>
    <ClCompile Include="C:\Users\Karel Hevessy\src\vanetza-build\vanetza\asn1\support\UTCTime_rfill.c">
      <Filter>Source Files</Filter>
    </ClCompile>
    <ClCompile Include="C:\Users\Karel Hevessy\src\vanetza-build\vanetza\asn1\support\UTCTime_xer.c">
      <Filter>Source Files</Filter>
    </ClCompile>
    <ClCompile Include="C:\Users\Karel Hevessy\src\vanetza-build\vanetza\asn1\support\UTF8String.c">
      <Filter>Source Files</Filter>
    </ClCompile>
    <ClCompile Include="C:\Users\Karel Hevessy\src\vanetza-build\vanetza\asn1\support\UTF8String_print.c">
      <Filter>Source Files</Filter>
    </ClCompile>
    <ClCompile Include="C:\Users\Karel Hevessy\src\vanetza-build\vanetza\asn1\support\UTF8String_rfill.c">
      <Filter>Source Files</Filter>
    </ClCompile>
    <ClCompile Include="C:\Users\Karel Hevessy\src\vanetza-build\vanetza\asn1\support\UniversalString.c">
      <Filter>Source Files</Filter>
    </ClCompile>
    <ClCompile Include="C:\Users\Karel Hevessy\src\vanetza-build\vanetza\asn1\support\UniversalString_jer.c">
      <Filter>Source Files</Filter>
    </ClCompile>
    <ClCompile Include="C:\Users\Karel Hevessy\src\vanetza-build\vanetza\asn1\support\UniversalString_print.c">
      <Filter>Source Files</Filter>
    </ClCompile>
    <ClCompile Include="C:\Users\Karel Hevessy\src\vanetza-build\vanetza\asn1\support\UniversalString_xer.c">
      <Filter>Source Files</Filter>
    </ClCompile>
    <ClCompile Include="C:\Users\Karel Hevessy\src\vanetza-build\vanetza\asn1\support\VideotexString.c">
      <Filter>Source Files</Filter>
    </ClCompile>
    <ClCompile Include="C:\Users\Karel Hevessy\src\vanetza-build\vanetza\asn1\support\VisibleString.c">
      <Filter>Source Files</Filter>
    </ClCompile>
    <ClCompile Include="C:\Users\Karel Hevessy\src\vanetza-build\vanetza\asn1\support\aper_decoder.c">
      <Filter>Source Files</Filter>
    </ClCompile>
    <ClCompile Include="C:\Users\Karel Hevessy\src\vanetza-build\vanetza\asn1\support\aper_encoder.c">
      <Filter>Source Files</Filter>
    </ClCompile>
    <ClCompile Include="C:\Users\Karel Hevessy\src\vanetza-build\vanetza\asn1\support\aper_opentype.c">
      <Filter>Source Files</Filter>
    </ClCompile>
    <ClCompile Include="C:\Users\Karel Hevessy\src\vanetza-build\vanetza\asn1\support\aper_support.c">
      <Filter>Source Files</Filter>
    </ClCompile>
    <ClCompile Include="C:\Users\Karel Hevessy\src\vanetza-build\vanetza\asn1\support\asn_SEQUENCE_OF.c">
      <Filter>Source Files</Filter>
    </ClCompile>
    <ClCompile Include="C:\Users\Karel Hevessy\src\vanetza-build\vanetza\asn1\support\asn_SET_OF.c">
      <Filter>Source Files</Filter>
    </ClCompile>
    <ClCompile Include="C:\Users\Karel Hevessy\src\vanetza-build\vanetza\asn1\support\asn_application.c">
      <Filter>Source Files</Filter>
    </ClCompile>
    <ClCompile Include="C:\Users\Karel Hevessy\src\vanetza-build\vanetza\asn1\support\asn_bit_data.c">
      <Filter>Source Files</Filter>
    </ClCompile>
    <ClCompile Include="C:\Users\Karel Hevessy\src\vanetza-build\vanetza\asn1\support\asn_codecs_prim.c">
      <Filter>Source Files</Filter>
    </ClCompile>
    <ClCompile Include="C:\Users\Karel Hevessy\src\vanetza-build\vanetza\asn1\support\asn_codecs_prim_ber.c">
      <Filter>Source Files</Filter>
    </ClCompile>
    <ClCompile Include="C:\Users\Karel Hevessy\src\vanetza-build\vanetza\asn1\support\asn_codecs_prim_jer.c">
      <Filter>Source Files</Filter>
    </ClCompile>
    <ClCompile Include="C:\Users\Karel Hevessy\src\vanetza-build\vanetza\asn1\support\asn_codecs_prim_xer.c">
      <Filter>Source Files</Filter>
    </ClCompile>
    <ClCompile Include="C:\Users\Karel Hevessy\src\vanetza-build\vanetza\asn1\support\asn_internal.c">
      <Filter>Source Files</Filter>
    </ClCompile>
    <ClCompile Include="C:\Users\Karel Hevessy\src\vanetza-build\vanetza\asn1\support\asn_random_fill.c">
      <Filter>Source Files</Filter>
    </ClCompile>
    <ClCompile Include="C:\Users\Karel Hevessy\src\vanetza-build\vanetza\asn1\support\ber_decoder.c">
      <Filter>Source Files</Filter>
    </ClCompile>
    <ClCompile Include="C:\Users\Karel Hevessy\src\vanetza-build\vanetza\asn1\support\ber_tlv_length.c">
      <Filter>Source Files</Filter>
    </ClCompile>
    <ClCompile Include="C:\Users\Karel Hevessy\src\vanetza-build\vanetza\asn1\support\ber_tlv_tag.c">
      <Filter>Source Files</Filter>
    </ClCompile>
    <ClCompile Include="C:\Users\Karel Hevessy\src\vanetza-build\vanetza\asn1\support\constr_CHOICE.c">
      <Filter>Source Files</Filter>
    </ClCompile>
    <ClCompile Include="C:\Users\Karel Hevessy\src\vanetza-build\vanetza\asn1\support\constr_CHOICE_aper.c">
      <Filter>Source Files</Filter>
    </ClCompile>
    <ClCompile Include="C:\Users\Karel Hevessy\src\vanetza-build\vanetza\asn1\support\constr_CHOICE_ber.c">
      <Filter>Source Files</Filter>
    </ClCompile>
    <ClCompile Include="C:\Users\Karel Hevessy\src\vanetza-build\vanetza\asn1\support\constr_CHOICE_jer.c">
      <Filter>Source Files</Filter>
    </ClCompile>
    <ClCompile Include="C:\Users\Karel Hevessy\src\vanetza-build\vanetza\asn1\support\constr_CHOICE_oer.c">
      <Filter>Source Files</Filter>
    </ClCompile>
    <ClCompile Include="C:\Users\Karel Hevessy\src\vanetza-build\vanetza\asn1\support\constr_CHOICE_print.c">
      <Filter>Source Files</Filter>
    </ClCompile>
    <ClCompile Include="C:\Users\Karel Hevessy\src\vanetza-build\vanetza\asn1\support\constr_CHOICE_rfill.c">
      <Filter>Source Files</Filter>
    </ClCompile>
    <ClCompile Include="C:\Users\Karel Hevessy\src\vanetza-build\vanetza\asn1\support\constr_CHOICE_uper.c">
      <Filter>Source Files</Filter>
    </ClCompile>
    <ClCompile Include="C:\Users\Karel Hevessy\src\vanetza-build\vanetza\asn1\support\constr_CHOICE_xer.c">
      <Filter>Source Files</Filter>
    </ClCompile>
    <ClCompile Include="C:\Users\Karel Hevessy\src\vanetza-build\vanetza\asn1\support\constr_SEQUENCE.c">
      <Filter>Source Files</Filter>
    </ClCompile>
    <ClCompile Include="C:\Users\Karel Hevessy\src\vanetza-build\vanetza\asn1\support\constr_SEQUENCE_OF.c">
      <Filter>Source Files</Filter>
    </ClCompile>
    <ClCompile Include="C:\Users\Karel Hevessy\src\vanetza-build\vanetza\asn1\support\constr_SEQUENCE_OF_aper.c">
      <Filter>Source Files</Filter>
    </ClCompile>
    <ClCompile Include="C:\Users\Karel Hevessy\src\vanetza-build\vanetza\asn1\support\constr_SEQUENCE_OF_ber.c">
      <Filter>Source Files</Filter>
    </ClCompile>
    <ClCompile Include="C:\Users\Karel Hevessy\src\vanetza-build\vanetza\asn1\support\constr_SEQUENCE_OF_jer.c">
      <Filter>Source Files</Filter>
    </ClCompile>
    <ClCompile Include="C:\Users\Karel Hevessy\src\vanetza-build\vanetza\asn1\support\constr_SEQUENCE_OF_uper.c">
      <Filter>Source Files</Filter>
    </ClCompile>
    <ClCompile Include="C:\Users\Karel Hevessy\src\vanetza-build\vanetza\asn1\support\constr_SEQUENCE_OF_xer.c">
      <Filter>Source Files</Filter>
    </ClCompile>
    <ClCompile Include="C:\Users\Karel Hevessy\src\vanetza-build\vanetza\asn1\support\constr_SEQUENCE_aper.c">
      <Filter>Source Files</Filter>
    </ClCompile>
    <ClCompile Include="C:\Users\Karel Hevessy\src\vanetza-build\vanetza\asn1\support\constr_SEQUENCE_ber.c">
      <Filter>Source Files</Filter>
    </ClCompile>
    <ClCompile Include="C:\Users\Karel Hevessy\src\vanetza-build\vanetza\asn1\support\constr_SEQUENCE_jer.c">
      <Filter>Source Files</Filter>
    </ClCompile>
    <ClCompile Include="C:\Users\Karel Hevessy\src\vanetza-build\vanetza\asn1\support\constr_SEQUENCE_oer.c">
      <Filter>Source Files</Filter>
    </ClCompile>
    <ClCompile Include="C:\Users\Karel Hevessy\src\vanetza-build\vanetza\asn1\support\constr_SEQUENCE_print.c">
      <Filter>Source Files</Filter>
    </ClCompile>
    <ClCompile Include="C:\Users\Karel Hevessy\src\vanetza-build\vanetza\asn1\support\constr_SEQUENCE_rfill.c">
      <Filter>Source Files</Filter>
    </ClCompile>
    <ClCompile Include="C:\Users\Karel Hevessy\src\vanetza-build\vanetza\asn1\support\constr_SEQUENCE_uper.c">
      <Filter>Source Files</Filter>
    </ClCompile>
    <ClCompile Include="C:\Users\Karel Hevessy\src\vanetza-build\vanetza\asn1\support\constr_SEQUENCE_xer.c">
      <Filter>Source Files</Filter>
    </ClCompile>
    <ClCompile Include="C:\Users\Karel Hevessy\src\vanetza-build\vanetza\asn1\support\constr_SET.c">
      <Filter>Source Files</Filter>
    </ClCompile>
    <ClCompile Include="C:\Users\Karel Hevessy\src\vanetza-build\vanetza\asn1\support\constr_SET_OF.c">
      <Filter>Source Files</Filter>
    </ClCompile>
    <ClCompile Include="C:\Users\Karel Hevessy\src\vanetza-build\vanetza\asn1\support\constr_SET_OF_aper.c">
      <Filter>Source Files</Filter>
    </ClCompile>
    <ClCompile Include="C:\Users\Karel Hevessy\src\vanetza-build\vanetza\asn1\support\constr_SET_OF_ber.c">
      <Filter>Source Files</Filter>
    </ClCompile>
    <ClCompile Include="C:\Users\Karel Hevessy\src\vanetza-build\vanetza\asn1\support\constr_SET_OF_jer.c">
      <Filter>Source Files</Filter>
    </ClCompile>
    <ClCompile Include="C:\Users\Karel Hevessy\src\vanetza-build\vanetza\asn1\support\constr_SET_OF_oer.c">
      <Filter>Source Files</Filter>
    </ClCompile>
    <ClCompile Include="C:\Users\Karel Hevessy\src\vanetza-build\vanetza\asn1\support\constr_SET_OF_print.c">
      <Filter>Source Files</Filter>
    </ClCompile>
    <ClCompile Include="C:\Users\Karel Hevessy\src\vanetza-build\vanetza\asn1\support\constr_SET_OF_rfill.c">
      <Filter>Source Files</Filter>
    </ClCompile>
    <ClCompile Include="C:\Users\Karel Hevessy\src\vanetza-build\vanetza\asn1\support\constr_SET_OF_uper.c">
      <Filter>Source Files</Filter>
    </ClCompile>
    <ClCompile Include="C:\Users\Karel Hevessy\src\vanetza-build\vanetza\asn1\support\constr_SET_OF_xer.c">
      <Filter>Source Files</Filter>
    </ClCompile>
    <ClCompile Include="C:\Users\Karel Hevessy\src\vanetza-build\vanetza\asn1\support\constr_SET_ber.c">
      <Filter>Source Files</Filter>
    </ClCompile>
    <ClCompile Include="C:\Users\Karel Hevessy\src\vanetza-build\vanetza\asn1\support\constr_SET_jer.c">
      <Filter>Source Files</Filter>
    </ClCompile>
    <ClCompile Include="C:\Users\Karel Hevessy\src\vanetza-build\vanetza\asn1\support\constr_SET_print.c">
      <Filter>Source Files</Filter>
    </ClCompile>
    <ClCompile Include="C:\Users\Karel Hevessy\src\vanetza-build\vanetza\asn1\support\constr_SET_rfill.c">
      <Filter>Source Files</Filter>
    </ClCompile>
    <ClCompile Include="C:\Users\Karel Hevessy\src\vanetza-build\vanetza\asn1\support\constr_SET_xer.c">
      <Filter>Source Files</Filter>
    </ClCompile>
    <ClCompile Include="C:\Users\Karel Hevessy\src\vanetza-build\vanetza\asn1\support\constr_TYPE.c">
      <Filter>Source Files</Filter>
    </ClCompile>
    <ClCompile Include="C:\Users\Karel Hevessy\src\vanetza-build\vanetza\asn1\support\constraints.c">
      <Filter>Source Files</Filter>
    </ClCompile>
    <ClCompile Include="C:\Users\Karel Hevessy\src\vanetza-build\vanetza\asn1\support\der_encoder.c">
      <Filter>Source Files</Filter>
    </ClCompile>
    <ClCompile Include="C:\Users\Karel Hevessy\src\vanetza-build\vanetza\asn1\support\jer_decoder.c">
      <Filter>Source Files</Filter>
    </ClCompile>
    <ClCompile Include="C:\Users\Karel Hevessy\src\vanetza-build\vanetza\asn1\support\jer_encoder.c">
      <Filter>Source Files</Filter>
    </ClCompile>
    <ClCompile Include="C:\Users\Karel Hevessy\src\vanetza-build\vanetza\asn1\support\jer_support.c">
      <Filter>Source Files</Filter>
    </ClCompile>
    <ClCompile Include="C:\Users\Karel Hevessy\src\vanetza-build\vanetza\asn1\support\oer_decoder.c">
      <Filter>Source Files</Filter>
    </ClCompile>
    <ClCompile Include="C:\Users\Karel Hevessy\src\vanetza-build\vanetza\asn1\support\oer_encoder.c">
      <Filter>Source Files</Filter>
    </ClCompile>
    <ClCompile Include="C:\Users\Karel Hevessy\src\vanetza-build\vanetza\asn1\support\oer_support.c">
      <Filter>Source Files</Filter>
    </ClCompile>
    <ClCompile Include="C:\Users\Karel Hevessy\src\vanetza-build\vanetza\asn1\support\per_decoder.c">
      <Filter>Source Files</Filter>
    </ClCompile>
    <ClCompile Include="C:\Users\Karel Hevessy\src\vanetza-build\vanetza\asn1\support\per_encoder.c">
      <Filter>Source Files</Filter>
    </ClCompile>
    <ClCompile Include="C:\Users\Karel Hevessy\src\vanetza-build\vanetza\asn1\support\per_opentype.c">
      <Filter>Source Files</Filter>
    </ClCompile>
    <ClCompile Include="C:\Users\Karel Hevessy\src\vanetza-build\vanetza\asn1\support\per_support.c">
      <Filter>Source Files</Filter>
    </ClCompile>
    <ClCompile Include="C:\Users\Karel Hevessy\src\vanetza-build\vanetza\asn1\support\uper_decoder.c">
      <Filter>Source Files</Filter>
    </ClCompile>
    <ClCompile Include="C:\Users\Karel Hevessy\src\vanetza-build\vanetza\asn1\support\uper_encoder.c">
      <Filter>Source Files</Filter>
    </ClCompile>
    <ClCompile Include="C:\Users\Karel Hevessy\src\vanetza-build\vanetza\asn1\support\uper_opentype.c">
      <Filter>Source Files</Filter>
    </ClCompile>
    <ClCompile Include="C:\Users\Karel Hevessy\src\vanetza-build\vanetza\asn1\support\uper_support.c">
      <Filter>Source Files</Filter>
    </ClCompile>
    <ClCompile Include="C:\Users\Karel Hevessy\src\vanetza-build\vanetza\asn1\support\xer_decoder.c">
      <Filter>Source Files</Filter>
    </ClCompile>
    <ClCompile Include="C:\Users\Karel Hevessy\src\vanetza-build\vanetza\asn1\support\xer_encoder.c">
      <Filter>Source Files</Filter>
    </ClCompile>
    <ClCompile Include="C:\Users\Karel Hevessy\src\vanetza-build\vanetza\asn1\support\xer_support.c">
      <Filter>Source Files</Filter>
    </ClCompile>
    <ClCompile Include="C:\Users\Karel Hevessy\src\vanetza-build\vanetza\asn1\memory.c">
      <Filter>Source Files</Filter>
    </ClCompile>
  </ItemGroup>
  <ItemGroup>
    <CustomBuild Include="C:\Users\Karel Hevessy\src\vanetza-build\vanetza\asn1\CMakeLists.txt" />
  </ItemGroup>
  <ItemGroup>
    <Filter Include="Source Files">
      <UniqueIdentifier>{140E373B-CE7B-3A9D-9E1D-43A14B3002F2}</UniqueIdentifier>
    </Filter>
  </ItemGroup>
</Project>
